// !$*UTF8*$!
{
	archiveVersion = 1;
	classes = {
	};
	objectVersion = 56;
	objects = {

/* Begin PBXBuildFile section */
		69F28D3F2AC0CF6E002F8B56 /* AppDelegate.swift in Sources */ = {isa = PBXBuildFile; fileRef = 69F28D3E2AC0CF6E002F8B56 /* AppDelegate.swift */; };
		69F28D412AC0CF6E002F8B56 /* GameViewController.swift in Sources */ = {isa = PBXBuildFile; fileRef = 69F28D402AC0CF6E002F8B56 /* GameViewController.swift */; };
		69F28D442AC0CF6E002F8B56 /* Main.storyboard in Resources */ = {isa = PBXBuildFile; fileRef = 69F28D422AC0CF6E002F8B56 /* Main.storyboard */; };
		69F28D472AC0CF6E002F8B56 /* LaunchScreen.storyboard in Resources */ = {isa = PBXBuildFile; fileRef = 69F28D452AC0CF6E002F8B56 /* LaunchScreen.storyboard */; };
		69F28D692AC0CF6E002F8B56 /* GameScene.sks in Resources */ = {isa = PBXBuildFile; fileRef = 69F28D342AC0CF6C002F8B56 /* GameScene.sks */; };
		69F28D6C2AC0CF6E002F8B56 /* GameScene.swift in Sources */ = {isa = PBXBuildFile; fileRef = 69F28D352AC0CF6C002F8B56 /* GameScene.swift */; };
		69F28D6F2AC0CF6E002F8B56 /* Assets.xcassets in Resources */ = {isa = PBXBuildFile; fileRef = 69F28D362AC0CF6E002F8B56 /* Assets.xcassets */; };
		69F28D832AC0F106002F8B56 /* spark.png in Resources */ = {isa = PBXBuildFile; fileRef = 69F28D7E2AC0F106002F8B56 /* spark.png */; };
		69F28D842AC0F106002F8B56 /* PlayerExplosion.sks in Resources */ = {isa = PBXBuildFile; fileRef = 69F28D7F2AC0F106002F8B56 /* PlayerExplosion.sks */; };
		69F28D852AC0F106002F8B56 /* coin.wav in Resources */ = {isa = PBXBuildFile; fileRef = 69F28D802AC0F106002F8B56 /* coin.wav */; };
		69F28D862AC0F106002F8B56 /* explosion.wav in Resources */ = {isa = PBXBuildFile; fileRef = 69F28D812AC0F106002F8B56 /* explosion.wav */; };
		69F28D872AC0F106002F8B56 /* music.m4a in Resources */ = {isa = PBXBuildFile; fileRef = 69F28D822AC0F106002F8B56 /* music.m4a */; };
/* End PBXBuildFile section */

/* Begin PBXFileReference section */
		69F28D342AC0CF6C002F8B56 /* GameScene.sks */ = {isa = PBXFileReference; lastKnownFileType = file.sks; path = GameScene.sks; sourceTree = "<group>"; };
		69F28D352AC0CF6C002F8B56 /* GameScene.swift */ = {isa = PBXFileReference; lastKnownFileType = sourcecode.swift; path = GameScene.swift; sourceTree = "<group>"; };
		69F28D362AC0CF6E002F8B56 /* Assets.xcassets */ = {isa = PBXFileReference; lastKnownFileType = folder.assetcatalog; path = Assets.xcassets; sourceTree = "<group>"; };
		69F28D3B2AC0CF6E002F8B56 /* MotorRun.app */ = {isa = PBXFileReference; explicitFileType = wrapper.application; includeInIndex = 0; path = MotorRun.app; sourceTree = BUILT_PRODUCTS_DIR; };
		69F28D3E2AC0CF6E002F8B56 /* AppDelegate.swift */ = {isa = PBXFileReference; lastKnownFileType = sourcecode.swift; path = AppDelegate.swift; sourceTree = "<group>"; };
		69F28D402AC0CF6E002F8B56 /* GameViewController.swift */ = {isa = PBXFileReference; lastKnownFileType = sourcecode.swift; path = GameViewController.swift; sourceTree = "<group>"; };
		69F28D432AC0CF6E002F8B56 /* Base */ = {isa = PBXFileReference; lastKnownFileType = file.storyboard; name = Base; path = Base.lproj/Main.storyboard; sourceTree = "<group>"; };
		69F28D462AC0CF6E002F8B56 /* Base */ = {isa = PBXFileReference; lastKnownFileType = file.storyboard; name = Base; path = Base.lproj/LaunchScreen.storyboard; sourceTree = "<group>"; };
		69F28D7E2AC0F106002F8B56 /* spark.png */ = {isa = PBXFileReference; lastKnownFileType = image.png; name = spark.png; path = "../../Swift/HackingWithSwift/Classic/project36-files/spark.png"; sourceTree = "<group>"; };
		69F28D7F2AC0F106002F8B56 /* PlayerExplosion.sks */ = {isa = PBXFileReference; lastKnownFileType = file.sks; name = PlayerExplosion.sks; path = "../../Swift/HackingWithSwift/Classic/project36-files/PlayerExplosion.sks"; sourceTree = "<group>"; };
		69F28D802AC0F106002F8B56 /* coin.wav */ = {isa = PBXFileReference; lastKnownFileType = audio.wav; name = coin.wav; path = "../../Swift/HackingWithSwift/Classic/project36-files/coin.wav"; sourceTree = "<group>"; };
		69F28D812AC0F106002F8B56 /* explosion.wav */ = {isa = PBXFileReference; lastKnownFileType = audio.wav; name = explosion.wav; path = "../../Swift/HackingWithSwift/Classic/project36-files/explosion.wav"; sourceTree = "<group>"; };
		69F28D822AC0F106002F8B56 /* music.m4a */ = {isa = PBXFileReference; lastKnownFileType = file; name = music.m4a; path = "../../Swift/HackingWithSwift/Classic/project36-files/music.m4a"; sourceTree = "<group>"; };
/* End PBXFileReference section */

/* Begin PBXFrameworksBuildPhase section */
		69F28D382AC0CF6E002F8B56 /* Frameworks */ = {
			isa = PBXFrameworksBuildPhase;
			buildActionMask = 2147483647;
			files = (
			);
			runOnlyForDeploymentPostprocessing = 0;
		};
/* End PBXFrameworksBuildPhase section */

/* Begin PBXGroup section */
		69F28D2D2AC0CF6C002F8B56 = {
			isa = PBXGroup;
			children = (
				69F28D7D2AC0F0CD002F8B56 /* Content */,
				69F28D3C2AC0CF6E002F8B56 /* Products */,
			);
			sourceTree = "<group>";
		};
		69F28D3C2AC0CF6E002F8B56 /* Products */ = {
			isa = PBXGroup;
			children = (
				69F28D3B2AC0CF6E002F8B56 /* MotorRun.app */,
			);
			name = Products;
			sourceTree = "<group>";
		};
		69F28D7D2AC0F0CD002F8B56 /* Content */ = {
			isa = PBXGroup;
			children = (
				69F28D802AC0F106002F8B56 /* coin.wav */,
				69F28D812AC0F106002F8B56 /* explosion.wav */,
				69F28D822AC0F106002F8B56 /* music.m4a */,
				69F28D7F2AC0F106002F8B56 /* PlayerExplosion.sks */,
				69F28D7E2AC0F106002F8B56 /* spark.png */,
				69F28D342AC0CF6C002F8B56 /* GameScene.sks */,
				69F28D352AC0CF6C002F8B56 /* GameScene.swift */,
				69F28D362AC0CF6E002F8B56 /* Assets.xcassets */,
				69F28D3E2AC0CF6E002F8B56 /* AppDelegate.swift */,
				69F28D402AC0CF6E002F8B56 /* GameViewController.swift */,
				69F28D422AC0CF6E002F8B56 /* Main.storyboard */,
				69F28D452AC0CF6E002F8B56 /* LaunchScreen.storyboard */,
			);
			path = Content;
			sourceTree = "<group>";
		};
/* End PBXGroup section */

/* Begin PBXNativeTarget section */
		69F28D3A2AC0CF6E002F8B56 /* MotorRun iOS */ = {
			isa = PBXNativeTarget;
			buildConfigurationList = 69F28D742AC0CF6E002F8B56 /* Build configuration list for PBXNativeTarget "MotorRun iOS" */;
			buildPhases = (
				69F28D372AC0CF6E002F8B56 /* Sources */,
				69F28D382AC0CF6E002F8B56 /* Frameworks */,
				69F28D392AC0CF6E002F8B56 /* Resources */,
			);
			buildRules = (
			);
			dependencies = (
			);
			name = "MotorRun iOS";
			productName = "MotorRun iOS";
			productReference = 69F28D3B2AC0CF6E002F8B56 /* MotorRun.app */;
			productType = "com.apple.product-type.application";
		};
/* End PBXNativeTarget section */

/* Begin PBXProject section */
		69F28D2E2AC0CF6C002F8B56 /* Project object */ = {
			isa = PBXProject;
			attributes = {
				BuildIndependentTargetsInParallel = 1;
				LastSwiftUpdateCheck = 1430;
				LastUpgradeCheck = 1430;
				TargetAttributes = {
					69F28D3A2AC0CF6E002F8B56 = {
						CreatedOnToolsVersion = 14.3.1;
					};
				};
			};
			buildConfigurationList = 69F28D312AC0CF6C002F8B56 /* Build configuration list for PBXProject "MotorRun" */;
			compatibilityVersion = "Xcode 14.0";
			developmentRegion = en;
			hasScannedForEncodings = 0;
			knownRegions = (
				en,
				Base,
			);
			mainGroup = 69F28D2D2AC0CF6C002F8B56;
			productRefGroup = 69F28D3C2AC0CF6E002F8B56 /* Products */;
			projectDirPath = "";
			projectRoot = "";
			targets = (
				69F28D3A2AC0CF6E002F8B56 /* MotorRun iOS */,
			);
		};
/* End PBXProject section */

/* Begin PBXResourcesBuildPhase section */
		69F28D392AC0CF6E002F8B56 /* Resources */ = {
			isa = PBXResourcesBuildPhase;
			buildActionMask = 2147483647;
			files = (
				69F28D842AC0F106002F8B56 /* PlayerExplosion.sks in Resources */,
				69F28D852AC0F106002F8B56 /* coin.wav in Resources */,
				69F28D872AC0F106002F8B56 /* music.m4a in Resources */,
				69F28D862AC0F106002F8B56 /* explosion.wav in Resources */,
				69F28D832AC0F106002F8B56 /* spark.png in Resources */,
				69F28D692AC0CF6E002F8B56 /* GameScene.sks in Resources */,
				69F28D442AC0CF6E002F8B56 /* Main.storyboard in Resources */,
				69F28D472AC0CF6E002F8B56 /* LaunchScreen.storyboard in Resources */,
				69F28D6F2AC0CF6E002F8B56 /* Assets.xcassets in Resources */,
			);
			runOnlyForDeploymentPostprocessing = 0;
		};
/* End PBXResourcesBuildPhase section */

/* Begin PBXSourcesBuildPhase section */
		69F28D372AC0CF6E002F8B56 /* Sources */ = {
			isa = PBXSourcesBuildPhase;
			buildActionMask = 2147483647;
			files = (
				69F28D6C2AC0CF6E002F8B56 /* GameScene.swift in Sources */,
				69F28D412AC0CF6E002F8B56 /* GameViewController.swift in Sources */,
				69F28D3F2AC0CF6E002F8B56 /* AppDelegate.swift in Sources */,
			);
			runOnlyForDeploymentPostprocessing = 0;
		};
/* End PBXSourcesBuildPhase section */

/* Begin PBXVariantGroup section */
		69F28D422AC0CF6E002F8B56 /* Main.storyboard */ = {
			isa = PBXVariantGroup;
			children = (
				69F28D432AC0CF6E002F8B56 /* Base */,
			);
			name = Main.storyboard;
			sourceTree = "<group>";
		};
		69F28D452AC0CF6E002F8B56 /* LaunchScreen.storyboard */ = {
			isa = PBXVariantGroup;
			children = (
				69F28D462AC0CF6E002F8B56 /* Base */,
			);
			name = LaunchScreen.storyboard;
			sourceTree = "<group>";
		};
/* End PBXVariantGroup section */

/* Begin XCBuildConfiguration section */
		69F28D722AC0CF6E002F8B56 /* Debug */ = {
			isa = XCBuildConfiguration;
			buildSettings = {
				ALWAYS_SEARCH_USER_PATHS = NO;
				CLANG_ANALYZER_NONNULL = YES;
				CLANG_ANALYZER_NUMBER_OBJECT_CONVERSION = YES_AGGRESSIVE;
				CLANG_CXX_LANGUAGE_STANDARD = "gnu++20";
				CLANG_ENABLE_MODULES = YES;
				CLANG_ENABLE_OBJC_ARC = YES;
				CLANG_ENABLE_OBJC_WEAK = YES;
				CLANG_WARN_BLOCK_CAPTURE_AUTORELEASING = YES;
				CLANG_WARN_BOOL_CONVERSION = YES;
				CLANG_WARN_COMMA = YES;
				CLANG_WARN_CONSTANT_CONVERSION = YES;
				CLANG_WARN_DEPRECATED_OBJC_IMPLEMENTATIONS = YES;
				CLANG_WARN_DIRECT_OBJC_ISA_USAGE = YES_ERROR;
				CLANG_WARN_DOCUMENTATION_COMMENTS = YES;
				CLANG_WARN_EMPTY_BODY = YES;
				CLANG_WARN_ENUM_CONVERSION = YES;
				CLANG_WARN_INFINITE_RECURSION = YES;
				CLANG_WARN_INT_CONVERSION = YES;
				CLANG_WARN_NON_LITERAL_NULL_CONVERSION = YES;
				CLANG_WARN_OBJC_IMPLICIT_RETAIN_SELF = YES;
				CLANG_WARN_OBJC_LITERAL_CONVERSION = YES;
				CLANG_WARN_OBJC_ROOT_CLASS = YES_ERROR;
				CLANG_WARN_QUOTED_INCLUDE_IN_FRAMEWORK_HEADER = YES;
				CLANG_WARN_RANGE_LOOP_ANALYSIS = YES;
				CLANG_WARN_STRICT_PROTOTYPES = YES;
				CLANG_WARN_SUSPICIOUS_MOVE = YES;
				CLANG_WARN_UNGUARDED_AVAILABILITY = YES_AGGRESSIVE;
				CLANG_WARN_UNREACHABLE_CODE = YES;
				CLANG_WARN__DUPLICATE_METHOD_MATCH = YES;
				COPY_PHASE_STRIP = NO;
				DEBUG_INFORMATION_FORMAT = dwarf;
				ENABLE_STRICT_OBJC_MSGSEND = YES;
				ENABLE_TESTABILITY = YES;
				GCC_C_LANGUAGE_STANDARD = gnu11;
				GCC_DYNAMIC_NO_PIC = NO;
				GCC_NO_COMMON_BLOCKS = YES;
				GCC_OPTIMIZATION_LEVEL = 0;
				GCC_PREPROCESSOR_DEFINITIONS = (
					"DEBUG=1",
					"$(inherited)",
				);
				GCC_WARN_64_TO_32_BIT_CONVERSION = YES;
				GCC_WARN_ABOUT_RETURN_TYPE = YES_ERROR;
				GCC_WARN_UNDECLARED_SELECTOR = YES;
				GCC_WARN_UNINITIALIZED_AUTOS = YES_AGGRESSIVE;
				GCC_WARN_UNUSED_FUNCTION = YES;
				GCC_WARN_UNUSED_VARIABLE = YES;
				MTL_ENABLE_DEBUG_INFO = INCLUDE_SOURCE;
				MTL_FAST_MATH = YES;
				ONLY_ACTIVE_ARCH = YES;
				SWIFT_ACTIVE_COMPILATION_CONDITIONS = DEBUG;
				SWIFT_OPTIMIZATION_LEVEL = "-Onone";
			};
			name = Debug;
		};
		69F28D732AC0CF6E002F8B56 /* Release */ = {
			isa = XCBuildConfiguration;
			buildSettings = {
				ALWAYS_SEARCH_USER_PATHS = NO;
				CLANG_ANALYZER_NONNULL = YES;
				CLANG_ANALYZER_NUMBER_OBJECT_CONVERSION = YES_AGGRESSIVE;
				CLANG_CXX_LANGUAGE_STANDARD = "gnu++20";
				CLANG_ENABLE_MODULES = YES;
				CLANG_ENABLE_OBJC_ARC = YES;
				CLANG_ENABLE_OBJC_WEAK = YES;
				CLANG_WARN_BLOCK_CAPTURE_AUTORELEASING = YES;
				CLANG_WARN_BOOL_CONVERSION = YES;
				CLANG_WARN_COMMA = YES;
				CLANG_WARN_CONSTANT_CONVERSION = YES;
				CLANG_WARN_DEPRECATED_OBJC_IMPLEMENTATIONS = YES;
				CLANG_WARN_DIRECT_OBJC_ISA_USAGE = YES_ERROR;
				CLANG_WARN_DOCUMENTATION_COMMENTS = YES;
				CLANG_WARN_EMPTY_BODY = YES;
				CLANG_WARN_ENUM_CONVERSION = YES;
				CLANG_WARN_INFINITE_RECURSION = YES;
				CLANG_WARN_INT_CONVERSION = YES;
				CLANG_WARN_NON_LITERAL_NULL_CONVERSION = YES;
				CLANG_WARN_OBJC_IMPLICIT_RETAIN_SELF = YES;
				CLANG_WARN_OBJC_LITERAL_CONVERSION = YES;
				CLANG_WARN_OBJC_ROOT_CLASS = YES_ERROR;
				CLANG_WARN_QUOTED_INCLUDE_IN_FRAMEWORK_HEADER = YES;
				CLANG_WARN_RANGE_LOOP_ANALYSIS = YES;
				CLANG_WARN_STRICT_PROTOTYPES = YES;
				CLANG_WARN_SUSPICIOUS_MOVE = YES;
				CLANG_WARN_UNGUARDED_AVAILABILITY = YES_AGGRESSIVE;
				CLANG_WARN_UNREACHABLE_CODE = YES;
				CLANG_WARN__DUPLICATE_METHOD_MATCH = YES;
				COPY_PHASE_STRIP = NO;
				DEBUG_INFORMATION_FORMAT = "dwarf-with-dsym";
				ENABLE_NS_ASSERTIONS = NO;
				ENABLE_STRICT_OBJC_MSGSEND = YES;
				GCC_C_LANGUAGE_STANDARD = gnu11;
				GCC_NO_COMMON_BLOCKS = YES;
				GCC_WARN_64_TO_32_BIT_CONVERSION = YES;
				GCC_WARN_ABOUT_RETURN_TYPE = YES_ERROR;
				GCC_WARN_UNDECLARED_SELECTOR = YES;
				GCC_WARN_UNINITIALIZED_AUTOS = YES_AGGRESSIVE;
				GCC_WARN_UNUSED_FUNCTION = YES;
				GCC_WARN_UNUSED_VARIABLE = YES;
				MTL_ENABLE_DEBUG_INFO = NO;
				MTL_FAST_MATH = YES;
				SWIFT_COMPILATION_MODE = wholemodule;
				SWIFT_OPTIMIZATION_LEVEL = "-O";
			};
			name = Release;
		};
		69F28D752AC0CF6E002F8B56 /* Debug */ = {
			isa = XCBuildConfiguration;
			buildSettings = {
				ASSETCATALOG_COMPILER_APPICON_NAME = AppIcon;
				ASSETCATALOG_COMPILER_GLOBAL_ACCENT_COLOR_NAME = AccentColor;
				CODE_SIGN_STYLE = Automatic;
				CURRENT_PROJECT_VERSION = 1;
				DEVELOPMENT_TEAM = WXWQYNX7C7;
				GENERATE_INFOPLIST_FILE = YES;
				INFOPLIST_KEY_UIApplicationSupportsIndirectInputEvents = YES;
				INFOPLIST_KEY_UILaunchStoryboardName = LaunchScreen;
				INFOPLIST_KEY_UIMainStoryboardFile = Main;
				INFOPLIST_KEY_UIStatusBarHidden = NO;
				INFOPLIST_KEY_UISupportedInterfaceOrientations = UIInterfaceOrientationPortrait;
				INFOPLIST_KEY_UISupportedInterfaceOrientations_iPad = "UIInterfaceOrientationLandscapeLeft UIInterfaceOrientationLandscapeRight UIInterfaceOrientationPortrait UIInterfaceOrientationPortraitUpsideDown";
				IPHONEOS_DEPLOYMENT_TARGET = 16.4;
				LD_RUNPATH_SEARCH_PATHS = (
					"$(inherited)",
					"@executable_path/Frameworks",
				);
				MARKETING_VERSION = 1.0;
				PRODUCT_BUNDLE_IDENTIFIER = codingKam.MotorRun;
				PRODUCT_NAME = MotorRun;
				SDKROOT = iphoneos;
				SUPPORTED_PLATFORMS = "iphoneos iphonesimulator";
				SUPPORTS_MACCATALYST = NO;
				SUPPORTS_MAC_DESIGNED_FOR_IPHONE_IPAD = NO;
				SWIFT_EMIT_LOC_STRINGS = YES;
				SWIFT_VERSION = 5.0;
				TARGETED_DEVICE_FAMILY = 1;
			};
			name = Debug;
		};
		69F28D762AC0CF6E002F8B56 /* Release */ = {
			isa = XCBuildConfiguration;
			buildSettings = {
				ASSETCATALOG_COMPILER_APPICON_NAME = AppIcon;
				ASSETCATALOG_COMPILER_GLOBAL_ACCENT_COLOR_NAME = AccentColor;
				CODE_SIGN_STYLE = Automatic;
				CURRENT_PROJECT_VERSION = 1;
				DEVELOPMENT_TEAM = WXWQYNX7C7;
				GENERATE_INFOPLIST_FILE = YES;
				INFOPLIST_KEY_UIApplicationSupportsIndirectInputEvents = YES;
				INFOPLIST_KEY_UILaunchStoryboardName = LaunchScreen;
				INFOPLIST_KEY_UIMainStoryboardFile = Main;
				INFOPLIST_KEY_UIStatusBarHidden = NO;
				INFOPLIST_KEY_UISupportedInterfaceOrientations = UIInterfaceOrientationPortrait;
				INFOPLIST_KEY_UISupportedInterfaceOrientations_iPad = "UIInterfaceOrientationLandscapeLeft UIInterfaceOrientationLandscapeRight UIInterfaceOrientationPortrait UIInterfaceOrientationPortraitUpsideDown";
				IPHONEOS_DEPLOYMENT_TARGET = 16.4;
				LD_RUNPATH_SEARCH_PATHS = (
					"$(inherited)",
					"@executable_path/Frameworks",
				);
				MARKETING_VERSION = 1.0;
				PRODUCT_BUNDLE_IDENTIFIER = codingKam.MotorRun;
				PRODUCT_NAME = MotorRun;
				SDKROOT = iphoneos;
				SUPPORTED_PLATFORMS = "iphoneos iphonesimulator";
				SUPPORTS_MACCATALYST = NO;
				SUPPORTS_MAC_DESIGNED_FOR_IPHONE_IPAD = NO;
				SWIFT_EMIT_LOC_STRINGS = YES;
				SWIFT_VERSION = 5.0;
				TARGETED_DEVICE_FAMILY = 1;
				VALIDATE_PRODUCT = YES;
			};
			name = Release;
		};
/* End XCBuildConfiguration section */

/* Begin XCConfigurationList section */
		69F28D312AC0CF6C002F8B56 /* Build configuration list for PBXProject "MotorRun" */ = {
			isa = XCConfigurationList;
			buildConfigurations = (
				69F28D722AC0CF6E002F8B56 /* Debug */,
				69F28D732AC0CF6E002F8B56 /* Release */,
			);
			defaultConfigurationIsVisible = 0;
			defaultConfigurationName = Release;
		};
		69F28D742AC0CF6E002F8B56 /* Build configuration list for PBXNativeTarget "MotorRun iOS" */ = {
			isa = XCConfigurationList;
			buildConfigurations = (
				69F28D752AC0CF6E002F8B56 /* Debug */,
				69F28D762AC0CF6E002F8B56 /* Release */,
			);
			defaultConfigurationIsVisible = 0;
			defaultConfigurationName = Release;
		};
/* End XCConfigurationList section */
	};
	rootObject = 69F28D2E2AC0CF6C002F8B56 /* Project object */;
}
